// !$*UTF8*$!
{
	archiveVersion = 1;
	classes = {
	};
	objectVersion = 52;
	objects = {

/* Begin PBXBuildFile section */
		BE88CF89275207BD0031A888 /* AppDelegate.swift in Sources */ = {isa = PBXBuildFile; fileRef = BE88CF88275207BD0031A888 /* AppDelegate.swift */; };
		BE88CF8B275207BD0031A888 /* SceneDelegate.swift in Sources */ = {isa = PBXBuildFile; fileRef = BE88CF8A275207BD0031A888 /* SceneDelegate.swift */; };
		BE88CF8D275207BD0031A888 /* ViewController.swift in Sources */ = {isa = PBXBuildFile; fileRef = BE88CF8C275207BD0031A888 /* ViewController.swift */; };
		BE88CF90275207BD0031A888 /* Main.storyboard in Resources */ = {isa = PBXBuildFile; fileRef = BE88CF8E275207BD0031A888 /* Main.storyboard */; };
		BE88CF92275207BE0031A888 /* Assets.xcassets in Resources */ = {isa = PBXBuildFile; fileRef = BE88CF91275207BE0031A888 /* Assets.xcassets */; };
		BE88CF95275207BE0031A888 /* LaunchScreen.storyboard in Resources */ = {isa = PBXBuildFile; fileRef = BE88CF93275207BE0031A888 /* LaunchScreen.storyboard */; };
		BE88CFA0275207BE0031A888 /* ViperSwiftTests.swift in Sources */ = {isa = PBXBuildFile; fileRef = BE88CF9F275207BE0031A888 /* ViperSwiftTests.swift */; };
		BE88CFBD2752082C0031A888 /* APIService.swift in Sources */ = {isa = PBXBuildFile; fileRef = BE88CFB92752082C0031A888 /* APIService.swift */; };
		BE88CFBE2752082C0031A888 /* mock_menu_GET.json in Resources */ = {isa = PBXBuildFile; fileRef = BE88CFBB2752082C0031A888 /* mock_menu_GET.json */; };
		BE88CFBF2752082C0031A888 /* MockURLProtocol.swift in Sources */ = {isa = PBXBuildFile; fileRef = BE88CFBC2752082C0031A888 /* MockURLProtocol.swift */; };
		BE88CFC22752085B0031A888 /* ObjectMapper in Frameworks */ = {isa = PBXBuildFile; productRef = BE88CFC12752085B0031A888 /* ObjectMapper */; };
		BE88CFD027520A080031A888 /* RxCocoa in Frameworks */ = {isa = PBXBuildFile; productRef = BE88CFCF27520A080031A888 /* RxCocoa */; };
		BE88CFD227520A080031A888 /* RxSwift in Frameworks */ = {isa = PBXBuildFile; productRef = BE88CFD127520A080031A888 /* RxSwift */; };
		BE88CFD527520A7E0031A888 /* Products.swift in Sources */ = {isa = PBXBuildFile; fileRef = BE88CFD427520A7E0031A888 /* Products.swift */; };
		BE88CFD827520C4E0031A888 /* MenuService.swift in Sources */ = {isa = PBXBuildFile; fileRef = BE88CFD727520C4E0031A888 /* MenuService.swift */; };
		BE88CFDA27520D470031A888 /* Endpoints.swift in Sources */ = {isa = PBXBuildFile; fileRef = BE88CFD927520D470031A888 /* Endpoints.swift */; };
		BE88CFDC275223C20031A888 /* Slides.swift in Sources */ = {isa = PBXBuildFile; fileRef = BE88CFDB275223C20031A888 /* Slides.swift */; };
		BE88CFDE275306C40031A888 /* mock_slides_GET.json in Resources */ = {isa = PBXBuildFile; fileRef = BE88CFDD275306C40031A888 /* mock_slides_GET.json */; };
		BE88CFE0275309480031A888 /* SlidesService.swift in Sources */ = {isa = PBXBuildFile; fileRef = BE88CFDF275309480031A888 /* SlidesService.swift */; };
		BE88CFEE275317250031A888 /* MainRouter.swift in Sources */ = {isa = PBXBuildFile; fileRef = BE88CFED275317250031A888 /* MainRouter.swift */; };
		BE88CFF02753172F0031A888 /* MainPresenter.swift in Sources */ = {isa = PBXBuildFile; fileRef = BE88CFEF2753172F0031A888 /* MainPresenter.swift */; };
		BE88CFF22753174A0031A888 /* MainView.swift in Sources */ = {isa = PBXBuildFile; fileRef = BE88CFF12753174A0031A888 /* MainView.swift */; };
		BE88CFF4275317560031A888 /* MainInteractor.swift in Sources */ = {isa = PBXBuildFile; fileRef = BE88CFF3275317560031A888 /* MainInteractor.swift */; };
		BE88CFF7275362F70031A888 /* Slideshow.swift in Sources */ = {isa = PBXBuildFile; fileRef = BE88CFF6275362F70031A888 /* Slideshow.swift */; };
		BE88CFFC27538CB60031A888 /* SnapKit in Frameworks */ = {isa = PBXBuildFile; productRef = BE88CFFB27538CB60031A888 /* SnapKit */; };
		BE88CFFE275397E70031A888 /* SlideCell.swift in Sources */ = {isa = PBXBuildFile; fileRef = BE88CFFD275397E70031A888 /* SlideCell.swift */; };
		BE88D001275399440031A888 /* UIView+.swift in Sources */ = {isa = PBXBuildFile; fileRef = BE88D000275399440031A888 /* UIView+.swift */; };
		BE88D0032753997B0031A888 /* UICollectionView+.swift in Sources */ = {isa = PBXBuildFile; fileRef = BE88D0022753997B0031A888 /* UICollectionView+.swift */; };
		BE88D005275399A80031A888 /* UITableView+.swift in Sources */ = {isa = PBXBuildFile; fileRef = BE88D004275399A80031A888 /* UITableView+.swift */; };
		BE88D0072753CA020031A888 /* Menu.swift in Sources */ = {isa = PBXBuildFile; fileRef = BE88D0062753CA020031A888 /* Menu.swift */; };
		BE88D0092753CA700031A888 /* MenuCell.swift in Sources */ = {isa = PBXBuildFile; fileRef = BE88D0082753CA700031A888 /* MenuCell.swift */; };
		BE88D00C2753E0CB0031A888 /* CartManager.swift in Sources */ = {isa = PBXBuildFile; fileRef = BE88D00B2753E0CB0031A888 /* CartManager.swift */; };
		BE88D00F2753E7710031A888 /* CartRouter.swift in Sources */ = {isa = PBXBuildFile; fileRef = BE88D00E2753E7710031A888 /* CartRouter.swift */; };
		BE88D0122753E7920031A888 /* CartView.swift in Sources */ = {isa = PBXBuildFile; fileRef = BE88D0112753E7920031A888 /* CartView.swift */; };
		BE88D0142753E7C40031A888 /* CartPresenter.swift in Sources */ = {isa = PBXBuildFile; fileRef = BE88D0132753E7C40031A888 /* CartPresenter.swift */; };
		BE88D0162753E7D40031A888 /* CartInteractor.swift in Sources */ = {isa = PBXBuildFile; fileRef = BE88D0152753E7D40031A888 /* CartInteractor.swift */; };
		BE88D0182753E9CC0031A888 /* MainView+.swift in Sources */ = {isa = PBXBuildFile; fileRef = BE88D0172753E9CC0031A888 /* MainView+.swift */; };
/* End PBXBuildFile section */

/* Begin PBXContainerItemProxy section */
		BE88CF9C275207BE0031A888 /* PBXContainerItemProxy */ = {
			isa = PBXContainerItemProxy;
			containerPortal = BE88CF7D275207BD0031A888 /* Project object */;
			proxyType = 1;
			remoteGlobalIDString = BE88CF84275207BD0031A888;
			remoteInfo = ViperSwift;
		};
/* End PBXContainerItemProxy section */

/* Begin PBXFileReference section */
		BE88CF85275207BD0031A888 /* ViperSwift.app */ = {isa = PBXFileReference; explicitFileType = wrapper.application; includeInIndex = 0; path = ViperSwift.app; sourceTree = BUILT_PRODUCTS_DIR; };
		BE88CF88275207BD0031A888 /* AppDelegate.swift */ = {isa = PBXFileReference; lastKnownFileType = sourcecode.swift; path = AppDelegate.swift; sourceTree = "<group>"; };
		BE88CF8A275207BD0031A888 /* SceneDelegate.swift */ = {isa = PBXFileReference; lastKnownFileType = sourcecode.swift; path = SceneDelegate.swift; sourceTree = "<group>"; };
		BE88CF8C275207BD0031A888 /* ViewController.swift */ = {isa = PBXFileReference; lastKnownFileType = sourcecode.swift; path = ViewController.swift; sourceTree = "<group>"; };
		BE88CF8F275207BD0031A888 /* Base */ = {isa = PBXFileReference; lastKnownFileType = file.storyboard; name = Base; path = Base.lproj/Main.storyboard; sourceTree = "<group>"; };
		BE88CF91275207BE0031A888 /* Assets.xcassets */ = {isa = PBXFileReference; lastKnownFileType = folder.assetcatalog; path = Assets.xcassets; sourceTree = "<group>"; };
		BE88CF94275207BE0031A888 /* Base */ = {isa = PBXFileReference; lastKnownFileType = file.storyboard; name = Base; path = Base.lproj/LaunchScreen.storyboard; sourceTree = "<group>"; };
		BE88CF96275207BE0031A888 /* Info.plist */ = {isa = PBXFileReference; lastKnownFileType = text.plist.xml; path = Info.plist; sourceTree = "<group>"; };
		BE88CF9B275207BE0031A888 /* ViperSwiftTests.xctest */ = {isa = PBXFileReference; explicitFileType = wrapper.cfbundle; includeInIndex = 0; path = ViperSwiftTests.xctest; sourceTree = BUILT_PRODUCTS_DIR; };
		BE88CF9F275207BE0031A888 /* ViperSwiftTests.swift */ = {isa = PBXFileReference; lastKnownFileType = sourcecode.swift; path = ViperSwiftTests.swift; sourceTree = "<group>"; };
		BE88CFA1275207BE0031A888 /* Info.plist */ = {isa = PBXFileReference; lastKnownFileType = text.plist.xml; path = Info.plist; sourceTree = "<group>"; };
		BE88CFB92752082C0031A888 /* APIService.swift */ = {isa = PBXFileReference; fileEncoding = 4; lastKnownFileType = sourcecode.swift; path = APIService.swift; sourceTree = "<group>"; };
		BE88CFBB2752082C0031A888 /* mock_menu_GET.json */ = {isa = PBXFileReference; fileEncoding = 4; lastKnownFileType = text.json; path = mock_menu_GET.json; sourceTree = "<group>"; };
		BE88CFBC2752082C0031A888 /* MockURLProtocol.swift */ = {isa = PBXFileReference; fileEncoding = 4; lastKnownFileType = sourcecode.swift; path = MockURLProtocol.swift; sourceTree = "<group>"; };
		BE88CFD427520A7E0031A888 /* Products.swift */ = {isa = PBXFileReference; lastKnownFileType = sourcecode.swift; path = Products.swift; sourceTree = "<group>"; };
		BE88CFD727520C4E0031A888 /* MenuService.swift */ = {isa = PBXFileReference; lastKnownFileType = sourcecode.swift; path = MenuService.swift; sourceTree = "<group>"; };
		BE88CFD927520D470031A888 /* Endpoints.swift */ = {isa = PBXFileReference; lastKnownFileType = sourcecode.swift; path = Endpoints.swift; sourceTree = "<group>"; };
		BE88CFDB275223C20031A888 /* Slides.swift */ = {isa = PBXFileReference; lastKnownFileType = sourcecode.swift; path = Slides.swift; sourceTree = "<group>"; };
		BE88CFDD275306C40031A888 /* mock_slides_GET.json */ = {isa = PBXFileReference; lastKnownFileType = text.json; path = mock_slides_GET.json; sourceTree = "<group>"; };
		BE88CFDF275309480031A888 /* SlidesService.swift */ = {isa = PBXFileReference; lastKnownFileType = sourcecode.swift; path = SlidesService.swift; sourceTree = "<group>"; };
		BE88CFED275317250031A888 /* MainRouter.swift */ = {isa = PBXFileReference; lastKnownFileType = sourcecode.swift; path = MainRouter.swift; sourceTree = "<group>"; };
		BE88CFEF2753172F0031A888 /* MainPresenter.swift */ = {isa = PBXFileReference; lastKnownFileType = sourcecode.swift; path = MainPresenter.swift; sourceTree = "<group>"; };
		BE88CFF12753174A0031A888 /* MainView.swift */ = {isa = PBXFileReference; lastKnownFileType = sourcecode.swift; path = MainView.swift; sourceTree = "<group>"; };
		BE88CFF3275317560031A888 /* MainInteractor.swift */ = {isa = PBXFileReference; lastKnownFileType = sourcecode.swift; path = MainInteractor.swift; sourceTree = "<group>"; };
		BE88CFF6275362F70031A888 /* Slideshow.swift */ = {isa = PBXFileReference; lastKnownFileType = sourcecode.swift; path = Slideshow.swift; sourceTree = "<group>"; };
		BE88CFFD275397E70031A888 /* SlideCell.swift */ = {isa = PBXFileReference; lastKnownFileType = sourcecode.swift; path = SlideCell.swift; sourceTree = "<group>"; };
		BE88D000275399440031A888 /* UIView+.swift */ = {isa = PBXFileReference; lastKnownFileType = sourcecode.swift; path = "UIView+.swift"; sourceTree = "<group>"; };
		BE88D0022753997B0031A888 /* UICollectionView+.swift */ = {isa = PBXFileReference; lastKnownFileType = sourcecode.swift; path = "UICollectionView+.swift"; sourceTree = "<group>"; };
		BE88D004275399A80031A888 /* UITableView+.swift */ = {isa = PBXFileReference; lastKnownFileType = sourcecode.swift; path = "UITableView+.swift"; sourceTree = "<group>"; };
		BE88D0062753CA020031A888 /* Menu.swift */ = {isa = PBXFileReference; lastKnownFileType = sourcecode.swift; path = Menu.swift; sourceTree = "<group>"; };
		BE88D0082753CA700031A888 /* MenuCell.swift */ = {isa = PBXFileReference; lastKnownFileType = sourcecode.swift; path = MenuCell.swift; sourceTree = "<group>"; };
		BE88D00B2753E0CB0031A888 /* CartManager.swift */ = {isa = PBXFileReference; lastKnownFileType = sourcecode.swift; path = CartManager.swift; sourceTree = "<group>"; };
		BE88D00E2753E7710031A888 /* CartRouter.swift */ = {isa = PBXFileReference; lastKnownFileType = sourcecode.swift; path = CartRouter.swift; sourceTree = "<group>"; };
		BE88D0112753E7920031A888 /* CartView.swift */ = {isa = PBXFileReference; lastKnownFileType = sourcecode.swift; path = CartView.swift; sourceTree = "<group>"; };
		BE88D0132753E7C40031A888 /* CartPresenter.swift */ = {isa = PBXFileReference; lastKnownFileType = sourcecode.swift; path = CartPresenter.swift; sourceTree = "<group>"; };
		BE88D0152753E7D40031A888 /* CartInteractor.swift */ = {isa = PBXFileReference; lastKnownFileType = sourcecode.swift; path = CartInteractor.swift; sourceTree = "<group>"; };
		BE88D0172753E9CC0031A888 /* MainView+.swift */ = {isa = PBXFileReference; lastKnownFileType = sourcecode.swift; path = "MainView+.swift"; sourceTree = "<group>"; };
/* End PBXFileReference section */

/* Begin PBXFrameworksBuildPhase section */
		BE88CF82275207BD0031A888 /* Frameworks */ = {
			isa = PBXFrameworksBuildPhase;
			buildActionMask = 2147483647;
			files = (
				BE88CFD227520A080031A888 /* RxSwift in Frameworks */,
				BE88CFFC27538CB60031A888 /* SnapKit in Frameworks */,
				BE88CFD027520A080031A888 /* RxCocoa in Frameworks */,
				BE88CFC22752085B0031A888 /* ObjectMapper in Frameworks */,
			);
			runOnlyForDeploymentPostprocessing = 0;
		};
		BE88CF98275207BE0031A888 /* Frameworks */ = {
			isa = PBXFrameworksBuildPhase;
			buildActionMask = 2147483647;
			files = (
			);
			runOnlyForDeploymentPostprocessing = 0;
		};
/* End PBXFrameworksBuildPhase section */

/* Begin PBXGroup section */
		BE88CF7C275207BD0031A888 = {
			isa = PBXGroup;
			children = (
				BE88CF87275207BD0031A888 /* ViperSwift */,
				BE88CF9E275207BE0031A888 /* ViperSwiftTests */,
				BE88CF86275207BD0031A888 /* Products */,
			);
			sourceTree = "<group>";
		};
		BE88CF86275207BD0031A888 /* Products */ = {
			isa = PBXGroup;
			children = (
				BE88CF85275207BD0031A888 /* ViperSwift.app */,
				BE88CF9B275207BE0031A888 /* ViperSwiftTests.xctest */,
			);
			name = Products;
			sourceTree = "<group>";
		};
		BE88CF87275207BD0031A888 /* ViperSwift */ = {
			isa = PBXGroup;
			children = (
				BE88D00A2753E0A80031A888 /* Helpers */,
				BE88CFE12753116F0031A888 /* Modules */,
				BE88CFD327520A680031A888 /* Entities */,
				BE88CFFF275399370031A888 /* Extensions */,
				BE88CFD627520C300031A888 /* Services */,
				BE88CFB82752082C0031A888 /* Network */,
				BE88CF88275207BD0031A888 /* AppDelegate.swift */,
				BE88CF8A275207BD0031A888 /* SceneDelegate.swift */,
				BE88CF8C275207BD0031A888 /* ViewController.swift */,
				BE88CF8E275207BD0031A888 /* Main.storyboard */,
				BE88CF91275207BE0031A888 /* Assets.xcassets */,
				BE88CF93275207BE0031A888 /* LaunchScreen.storyboard */,
				BE88CF96275207BE0031A888 /* Info.plist */,
			);
			path = ViperSwift;
			sourceTree = "<group>";
		};
		BE88CF9E275207BE0031A888 /* ViperSwiftTests */ = {
			isa = PBXGroup;
			children = (
				BE88CF9F275207BE0031A888 /* ViperSwiftTests.swift */,
				BE88CFA1275207BE0031A888 /* Info.plist */,
			);
			path = ViperSwiftTests;
			sourceTree = "<group>";
		};
		BE88CFB82752082C0031A888 /* Network */ = {
			isa = PBXGroup;
			children = (
				BE88CFD927520D470031A888 /* Endpoints.swift */,
				BE88CFB92752082C0031A888 /* APIService.swift */,
				BE88CFBC2752082C0031A888 /* MockURLProtocol.swift */,
				BE88CFBA2752082C0031A888 /* Mock */,
			);
			path = Network;
			sourceTree = "<group>";
		};
		BE88CFBA2752082C0031A888 /* Mock */ = {
			isa = PBXGroup;
			children = (
				BE88CFBB2752082C0031A888 /* mock_menu_GET.json */,
				BE88CFDD275306C40031A888 /* mock_slides_GET.json */,
			);
			path = Mock;
			sourceTree = "<group>";
		};
		BE88CFD327520A680031A888 /* Entities */ = {
			isa = PBXGroup;
			children = (
				BE88CFD427520A7E0031A888 /* Products.swift */,
				BE88CFDB275223C20031A888 /* Slides.swift */,
			);
			path = Entities;
			sourceTree = "<group>";
		};
		BE88CFD627520C300031A888 /* Services */ = {
			isa = PBXGroup;
			children = (
				BE88CFDF275309480031A888 /* SlidesService.swift */,
				BE88CFD727520C4E0031A888 /* MenuService.swift */,
			);
			path = Services;
			sourceTree = "<group>";
		};
		BE88CFE12753116F0031A888 /* Modules */ = {
			isa = PBXGroup;
			children = (
				BE88CFEC2753170F0031A888 /* Main */,
				BE88D00D2753E75D0031A888 /* Cart */,
			);
			path = Modules;
			sourceTree = "<group>";
		};
		BE88CFEC2753170F0031A888 /* Main */ = {
			isa = PBXGroup;
			children = (
				BE88CFF5275362C80031A888 /* Components */,
				BE88CFED275317250031A888 /* MainRouter.swift */,
				BE88CFF12753174A0031A888 /* MainView.swift */,
				BE88CFEF2753172F0031A888 /* MainPresenter.swift */,
				BE88CFF3275317560031A888 /* MainInteractor.swift */,
				BE88D0172753E9CC0031A888 /* MainView+.swift */,
			);
			path = Main;
			sourceTree = "<group>";
		};
		BE88CFF5275362C80031A888 /* Components */ = {
			isa = PBXGroup;
			children = (
				BE88CFF6275362F70031A888 /* Slideshow.swift */,
				BE88CFFD275397E70031A888 /* SlideCell.swift */,
				BE88D0062753CA020031A888 /* Menu.swift */,
				BE88D0082753CA700031A888 /* MenuCell.swift */,
			);
			path = Components;
			sourceTree = "<group>";
		};
		BE88CFFF275399370031A888 /* Extensions */ = {
			isa = PBXGroup;
			children = (
				BE88D000275399440031A888 /* UIView+.swift */,
				BE88D0022753997B0031A888 /* UICollectionView+.swift */,
				BE88D004275399A80031A888 /* UITableView+.swift */,
			);
			path = Extensions;
			sourceTree = "<group>";
		};
		BE88D00A2753E0A80031A888 /* Helpers */ = {
			isa = PBXGroup;
			children = (
				BE88D00B2753E0CB0031A888 /* CartManager.swift */,
			);
			path = Helpers;
			sourceTree = "<group>";
		};
		BE88D00D2753E75D0031A888 /* Cart */ = {
			isa = PBXGroup;
			children = (
				BE88D00E2753E7710031A888 /* CartRouter.swift */,
				BE88D0112753E7920031A888 /* CartView.swift */,
				BE88D0132753E7C40031A888 /* CartPresenter.swift */,
				BE88D0152753E7D40031A888 /* CartInteractor.swift */,
			);
			path = Cart;
			sourceTree = "<group>";
		};
/* End PBXGroup section */

/* Begin PBXNativeTarget section */
		BE88CF84275207BD0031A888 /* ViperSwift */ = {
			isa = PBXNativeTarget;
			buildConfigurationList = BE88CFAF275207BE0031A888 /* Build configuration list for PBXNativeTarget "ViperSwift" */;
			buildPhases = (
				BE88CF81275207BD0031A888 /* Sources */,
				BE88CF82275207BD0031A888 /* Frameworks */,
				BE88CF83275207BD0031A888 /* Resources */,
			);
			buildRules = (
			);
			dependencies = (
			);
			name = ViperSwift;
			packageProductDependencies = (
				BE88CFC12752085B0031A888 /* ObjectMapper */,
				BE88CFCF27520A080031A888 /* RxCocoa */,
				BE88CFD127520A080031A888 /* RxSwift */,
				BE88CFFB27538CB60031A888 /* SnapKit */,
			);
			productName = ViperSwift;
			productReference = BE88CF85275207BD0031A888 /* ViperSwift.app */;
			productType = "com.apple.product-type.application";
		};
		BE88CF9A275207BE0031A888 /* ViperSwiftTests */ = {
			isa = PBXNativeTarget;
			buildConfigurationList = BE88CFB2275207BE0031A888 /* Build configuration list for PBXNativeTarget "ViperSwiftTests" */;
			buildPhases = (
				BE88CF97275207BE0031A888 /* Sources */,
				BE88CF98275207BE0031A888 /* Frameworks */,
				BE88CF99275207BE0031A888 /* Resources */,
			);
			buildRules = (
			);
			dependencies = (
				BE88CF9D275207BE0031A888 /* PBXTargetDependency */,
			);
			name = ViperSwiftTests;
			productName = ViperSwiftTests;
			productReference = BE88CF9B275207BE0031A888 /* ViperSwiftTests.xctest */;
			productType = "com.apple.product-type.bundle.unit-test";
		};
/* End PBXNativeTarget section */

/* Begin PBXProject section */
		BE88CF7D275207BD0031A888 /* Project object */ = {
			isa = PBXProject;
			attributes = {
				LastSwiftUpdateCheck = 1250;
				LastUpgradeCheck = 1250;
				TargetAttributes = {
					BE88CF84275207BD0031A888 = {
						CreatedOnToolsVersion = 12.5;
					};
					BE88CF9A275207BE0031A888 = {
						CreatedOnToolsVersion = 12.5;
						TestTargetID = BE88CF84275207BD0031A888;
					};
				};
			};
			buildConfigurationList = BE88CF80275207BD0031A888 /* Build configuration list for PBXProject "ViperSwift" */;
			compatibilityVersion = "Xcode 9.3";
			developmentRegion = en;
			hasScannedForEncodings = 0;
			knownRegions = (
				en,
				Base,
			);
			mainGroup = BE88CF7C275207BD0031A888;
			packageReferences = (
				BE88CFC02752085B0031A888 /* XCRemoteSwiftPackageReference "ObjectMapper" */,
				BE88CFCE27520A080031A888 /* XCRemoteSwiftPackageReference "RxSwift" */,
				BE88CFFA27538CB60031A888 /* XCRemoteSwiftPackageReference "SnapKit" */,
			);
			productRefGroup = BE88CF86275207BD0031A888 /* Products */;
			projectDirPath = "";
			projectRoot = "";
			targets = (
				BE88CF84275207BD0031A888 /* ViperSwift */,
				BE88CF9A275207BE0031A888 /* ViperSwiftTests */,
			);
		};
/* End PBXProject section */

/* Begin PBXResourcesBuildPhase section */
		BE88CF83275207BD0031A888 /* Resources */ = {
			isa = PBXResourcesBuildPhase;
			buildActionMask = 2147483647;
			files = (
				BE88CF95275207BE0031A888 /* LaunchScreen.storyboard in Resources */,
				BE88CFDE275306C40031A888 /* mock_slides_GET.json in Resources */,
				BE88CFBE2752082C0031A888 /* mock_menu_GET.json in Resources */,
				BE88CF92275207BE0031A888 /* Assets.xcassets in Resources */,
				BE88CF90275207BD0031A888 /* Main.storyboard in Resources */,
			);
			runOnlyForDeploymentPostprocessing = 0;
		};
		BE88CF99275207BE0031A888 /* Resources */ = {
			isa = PBXResourcesBuildPhase;
			buildActionMask = 2147483647;
			files = (
			);
			runOnlyForDeploymentPostprocessing = 0;
		};
/* End PBXResourcesBuildPhase section */

/* Begin PBXSourcesBuildPhase section */
		BE88CF81275207BD0031A888 /* Sources */ = {
			isa = PBXSourcesBuildPhase;
			buildActionMask = 2147483647;
			files = (
				BE88CF8D275207BD0031A888 /* ViewController.swift in Sources */,
				BE88D0142753E7C40031A888 /* CartPresenter.swift in Sources */,
				BE88CF89275207BD0031A888 /* AppDelegate.swift in Sources */,
				BE88CFBF2752082C0031A888 /* MockURLProtocol.swift in Sources */,
				BE88D00C2753E0CB0031A888 /* CartManager.swift in Sources */,
				BE88CFFE275397E70031A888 /* SlideCell.swift in Sources */,
				BE88CFF7275362F70031A888 /* Slideshow.swift in Sources */,
				BE88D0122753E7920031A888 /* CartView.swift in Sources */,
				BE88D0032753997B0031A888 /* UICollectionView+.swift in Sources */,
				BE88CFBD2752082C0031A888 /* APIService.swift in Sources */,
				BE88D0162753E7D40031A888 /* CartInteractor.swift in Sources */,
				BE88D001275399440031A888 /* UIView+.swift in Sources */,
				BE88CFF4275317560031A888 /* MainInteractor.swift in Sources */,
				BE88CFEE275317250031A888 /* MainRouter.swift in Sources */,
				BE88CFDC275223C20031A888 /* Slides.swift in Sources */,
				BE88CFD827520C4E0031A888 /* MenuService.swift in Sources */,
				BE88CFD527520A7E0031A888 /* Products.swift in Sources */,
				BE88D005275399A80031A888 /* UITableView+.swift in Sources */,
				BE88D0182753E9CC0031A888 /* MainView+.swift in Sources */,
				BE88D00F2753E7710031A888 /* CartRouter.swift in Sources */,
				BE88D0092753CA700031A888 /* MenuCell.swift in Sources */,
				BE88D0072753CA020031A888 /* Menu.swift in Sources */,
				BE88CFF22753174A0031A888 /* MainView.swift in Sources */,
				BE88CFF02753172F0031A888 /* MainPresenter.swift in Sources */,
				BE88CFDA27520D470031A888 /* Endpoints.swift in Sources */,
				BE88CFE0275309480031A888 /* SlidesService.swift in Sources */,
				BE88CF8B275207BD0031A888 /* SceneDelegate.swift in Sources */,
			);
			runOnlyForDeploymentPostprocessing = 0;
		};
		BE88CF97275207BE0031A888 /* Sources */ = {
			isa = PBXSourcesBuildPhase;
			buildActionMask = 2147483647;
			files = (
				BE88CFA0275207BE0031A888 /* ViperSwiftTests.swift in Sources */,
			);
			runOnlyForDeploymentPostprocessing = 0;
		};
/* End PBXSourcesBuildPhase section */

/* Begin PBXTargetDependency section */
		BE88CF9D275207BE0031A888 /* PBXTargetDependency */ = {
			isa = PBXTargetDependency;
			target = BE88CF84275207BD0031A888 /* ViperSwift */;
			targetProxy = BE88CF9C275207BE0031A888 /* PBXContainerItemProxy */;
		};
/* End PBXTargetDependency section */

/* Begin PBXVariantGroup section */
		BE88CF8E275207BD0031A888 /* Main.storyboard */ = {
			isa = PBXVariantGroup;
			children = (
				BE88CF8F275207BD0031A888 /* Base */,
			);
			name = Main.storyboard;
			sourceTree = "<group>";
		};
		BE88CF93275207BE0031A888 /* LaunchScreen.storyboard */ = {
			isa = PBXVariantGroup;
			children = (
				BE88CF94275207BE0031A888 /* Base */,
			);
			name = LaunchScreen.storyboard;
			sourceTree = "<group>";
		};
/* End PBXVariantGroup section */

/* Begin XCBuildConfiguration section */
		BE88CFAD275207BE0031A888 /* Debug */ = {
			isa = XCBuildConfiguration;
			buildSettings = {
				ALWAYS_SEARCH_USER_PATHS = NO;
				CLANG_ANALYZER_NONNULL = YES;
				CLANG_ANALYZER_NUMBER_OBJECT_CONVERSION = YES_AGGRESSIVE;
				CLANG_CXX_LANGUAGE_STANDARD = "gnu++14";
				CLANG_CXX_LIBRARY = "libc++";
				CLANG_ENABLE_MODULES = YES;
				CLANG_ENABLE_OBJC_ARC = YES;
				CLANG_ENABLE_OBJC_WEAK = YES;
				CLANG_WARN_BLOCK_CAPTURE_AUTORELEASING = YES;
				CLANG_WARN_BOOL_CONVERSION = YES;
				CLANG_WARN_COMMA = YES;
				CLANG_WARN_CONSTANT_CONVERSION = YES;
				CLANG_WARN_DEPRECATED_OBJC_IMPLEMENTATIONS = YES;
				CLANG_WARN_DIRECT_OBJC_ISA_USAGE = YES_ERROR;
				CLANG_WARN_DOCUMENTATION_COMMENTS = YES;
				CLANG_WARN_EMPTY_BODY = YES;
				CLANG_WARN_ENUM_CONVERSION = YES;
				CLANG_WARN_INFINITE_RECURSION = YES;
				CLANG_WARN_INT_CONVERSION = YES;
				CLANG_WARN_NON_LITERAL_NULL_CONVERSION = YES;
				CLANG_WARN_OBJC_IMPLICIT_RETAIN_SELF = YES;
				CLANG_WARN_OBJC_LITERAL_CONVERSION = YES;
				CLANG_WARN_OBJC_ROOT_CLASS = YES_ERROR;
				CLANG_WARN_QUOTED_INCLUDE_IN_FRAMEWORK_HEADER = YES;
				CLANG_WARN_RANGE_LOOP_ANALYSIS = YES;
				CLANG_WARN_STRICT_PROTOTYPES = YES;
				CLANG_WARN_SUSPICIOUS_MOVE = YES;
				CLANG_WARN_UNGUARDED_AVAILABILITY = YES_AGGRESSIVE;
				CLANG_WARN_UNREACHABLE_CODE = YES;
				CLANG_WARN__DUPLICATE_METHOD_MATCH = YES;
				COPY_PHASE_STRIP = NO;
				DEBUG_INFORMATION_FORMAT = dwarf;
				ENABLE_STRICT_OBJC_MSGSEND = YES;
				ENABLE_TESTABILITY = YES;
				GCC_C_LANGUAGE_STANDARD = gnu11;
				GCC_DYNAMIC_NO_PIC = NO;
				GCC_NO_COMMON_BLOCKS = YES;
				GCC_OPTIMIZATION_LEVEL = 0;
				GCC_PREPROCESSOR_DEFINITIONS = (
					"DEBUG=1",
					"$(inherited)",
				);
				GCC_WARN_64_TO_32_BIT_CONVERSION = YES;
				GCC_WARN_ABOUT_RETURN_TYPE = YES_ERROR;
				GCC_WARN_UNDECLARED_SELECTOR = YES;
				GCC_WARN_UNINITIALIZED_AUTOS = YES_AGGRESSIVE;
				GCC_WARN_UNUSED_FUNCTION = YES;
				GCC_WARN_UNUSED_VARIABLE = YES;
				IPHONEOS_DEPLOYMENT_TARGET = 14.5;
				MTL_ENABLE_DEBUG_INFO = INCLUDE_SOURCE;
				MTL_FAST_MATH = YES;
				ONLY_ACTIVE_ARCH = YES;
				SDKROOT = iphoneos;
				SWIFT_ACTIVE_COMPILATION_CONDITIONS = DEBUG;
				SWIFT_OPTIMIZATION_LEVEL = "-Onone";
			};
			name = Debug;
		};
		BE88CFAE275207BE0031A888 /* Release */ = {
			isa = XCBuildConfiguration;
			buildSettings = {
				ALWAYS_SEARCH_USER_PATHS = NO;
				CLANG_ANALYZER_NONNULL = YES;
				CLANG_ANALYZER_NUMBER_OBJECT_CONVERSION = YES_AGGRESSIVE;
				CLANG_CXX_LANGUAGE_STANDARD = "gnu++14";
				CLANG_CXX_LIBRARY = "libc++";
				CLANG_ENABLE_MODULES = YES;
				CLANG_ENABLE_OBJC_ARC = YES;
				CLANG_ENABLE_OBJC_WEAK = YES;
				CLANG_WARN_BLOCK_CAPTURE_AUTORELEASING = YES;
				CLANG_WARN_BOOL_CONVERSION = YES;
				CLANG_WARN_COMMA = YES;
				CLANG_WARN_CONSTANT_CONVERSION = YES;
				CLANG_WARN_DEPRECATED_OBJC_IMPLEMENTATIONS = YES;
				CLANG_WARN_DIRECT_OBJC_ISA_USAGE = YES_ERROR;
				CLANG_WARN_DOCUMENTATION_COMMENTS = YES;
				CLANG_WARN_EMPTY_BODY = YES;
				CLANG_WARN_ENUM_CONVERSION = YES;
				CLANG_WARN_INFINITE_RECURSION = YES;
				CLANG_WARN_INT_CONVERSION = YES;
				CLANG_WARN_NON_LITERAL_NULL_CONVERSION = YES;
				CLANG_WARN_OBJC_IMPLICIT_RETAIN_SELF = YES;
				CLANG_WARN_OBJC_LITERAL_CONVERSION = YES;
				CLANG_WARN_OBJC_ROOT_CLASS = YES_ERROR;
				CLANG_WARN_QUOTED_INCLUDE_IN_FRAMEWORK_HEADER = YES;
				CLANG_WARN_RANGE_LOOP_ANALYSIS = YES;
				CLANG_WARN_STRICT_PROTOTYPES = YES;
				CLANG_WARN_SUSPICIOUS_MOVE = YES;
				CLANG_WARN_UNGUARDED_AVAILABILITY = YES_AGGRESSIVE;
				CLANG_WARN_UNREACHABLE_CODE = YES;
				CLANG_WARN__DUPLICATE_METHOD_MATCH = YES;
				COPY_PHASE_STRIP = NO;
				DEBUG_INFORMATION_FORMAT = "dwarf-with-dsym";
				ENABLE_NS_ASSERTIONS = NO;
				ENABLE_STRICT_OBJC_MSGSEND = YES;
				GCC_C_LANGUAGE_STANDARD = gnu11;
				GCC_NO_COMMON_BLOCKS = YES;
				GCC_WARN_64_TO_32_BIT_CONVERSION = YES;
				GCC_WARN_ABOUT_RETURN_TYPE = YES_ERROR;
				GCC_WARN_UNDECLARED_SELECTOR = YES;
				GCC_WARN_UNINITIALIZED_AUTOS = YES_AGGRESSIVE;
				GCC_WARN_UNUSED_FUNCTION = YES;
				GCC_WARN_UNUSED_VARIABLE = YES;
				IPHONEOS_DEPLOYMENT_TARGET = 14.5;
				MTL_ENABLE_DEBUG_INFO = NO;
				MTL_FAST_MATH = YES;
				SDKROOT = iphoneos;
				SWIFT_COMPILATION_MODE = wholemodule;
				SWIFT_OPTIMIZATION_LEVEL = "-O";
				VALIDATE_PRODUCT = YES;
			};
			name = Release;
		};
		BE88CFB0275207BE0031A888 /* Debug */ = {
			isa = XCBuildConfiguration;
			buildSettings = {
				ASSETCATALOG_COMPILER_APPICON_NAME = AppIcon;
				ASSETCATALOG_COMPILER_GLOBAL_ACCENT_COLOR_NAME = AccentColor;
				CODE_SIGN_STYLE = Automatic;
				INFOPLIST_FILE = ViperSwift/Info.plist;
				LD_RUNPATH_SEARCH_PATHS = (
					"$(inherited)",
					"@executable_path/Frameworks",
				);
				PRODUCT_BUNDLE_IDENTIFIER = jefftabios.ViperSwift;
				PRODUCT_NAME = "$(TARGET_NAME)";
				SWIFT_VERSION = 5.0;
				TARGETED_DEVICE_FAMILY = "1,2";
			};
			name = Debug;
		};
		BE88CFB1275207BE0031A888 /* Release */ = {
			isa = XCBuildConfiguration;
			buildSettings = {
				ASSETCATALOG_COMPILER_APPICON_NAME = AppIcon;
				ASSETCATALOG_COMPILER_GLOBAL_ACCENT_COLOR_NAME = AccentColor;
				CODE_SIGN_STYLE = Automatic;
				INFOPLIST_FILE = ViperSwift/Info.plist;
				LD_RUNPATH_SEARCH_PATHS = (
					"$(inherited)",
					"@executable_path/Frameworks",
				);
				PRODUCT_BUNDLE_IDENTIFIER = jefftabios.ViperSwift;
				PRODUCT_NAME = "$(TARGET_NAME)";
				SWIFT_VERSION = 5.0;
				TARGETED_DEVICE_FAMILY = "1,2";
			};
			name = Release;
		};
		BE88CFB3275207BE0031A888 /* Debug */ = {
			isa = XCBuildConfiguration;
			buildSettings = {
				ALWAYS_EMBED_SWIFT_STANDARD_LIBRARIES = YES;
				BUNDLE_LOADER = "$(TEST_HOST)";
				CODE_SIGN_STYLE = Automatic;
				INFOPLIST_FILE = ViperSwiftTests/Info.plist;
				IPHONEOS_DEPLOYMENT_TARGET = 14.5;
				LD_RUNPATH_SEARCH_PATHS = (
					"$(inherited)",
					"@executable_path/Frameworks",
					"@loader_path/Frameworks",
				);
				PRODUCT_BUNDLE_IDENTIFIER = jefftabios.ViperSwiftTests;
				PRODUCT_NAME = "$(TARGET_NAME)";
				SWIFT_VERSION = 5.0;
				TARGETED_DEVICE_FAMILY = "1,2";
				TEST_HOST = "$(BUILT_PRODUCTS_DIR)/ViperSwift.app/ViperSwift";
			};
			name = Debug;
		};
		BE88CFB4275207BE0031A888 /* Release */ = {
			isa = XCBuildConfiguration;
			buildSettings = {
				ALWAYS_EMBED_SWIFT_STANDARD_LIBRARIES = YES;
				BUNDLE_LOADER = "$(TEST_HOST)";
				CODE_SIGN_STYLE = Automatic;
				INFOPLIST_FILE = ViperSwiftTests/Info.plist;
				IPHONEOS_DEPLOYMENT_TARGET = 14.5;
				LD_RUNPATH_SEARCH_PATHS = (
					"$(inherited)",
					"@executable_path/Frameworks",
					"@loader_path/Frameworks",
				);
				PRODUCT_BUNDLE_IDENTIFIER = jefftabios.ViperSwiftTests;
				PRODUCT_NAME = "$(TARGET_NAME)";
				SWIFT_VERSION = 5.0;
				TARGETED_DEVICE_FAMILY = "1,2";
				TEST_HOST = "$(BUILT_PRODUCTS_DIR)/ViperSwift.app/ViperSwift";
			};
			name = Release;
		};
/* End XCBuildConfiguration section */

/* Begin XCConfigurationList section */
		BE88CF80275207BD0031A888 /* Build configuration list for PBXProject "ViperSwift" */ = {
			isa = XCConfigurationList;
			buildConfigurations = (
				BE88CFAD275207BE0031A888 /* Debug */,
				BE88CFAE275207BE0031A888 /* Release */,
			);
			defaultConfigurationIsVisible = 0;
			defaultConfigurationName = Release;
		};
		BE88CFAF275207BE0031A888 /* Build configuration list for PBXNativeTarget "ViperSwift" */ = {
			isa = XCConfigurationList;
			buildConfigurations = (
				BE88CFB0275207BE0031A888 /* Debug */,
				BE88CFB1275207BE0031A888 /* Release */,
			);
			defaultConfigurationIsVisible = 0;
			defaultConfigurationName = Release;
		};
		BE88CFB2275207BE0031A888 /* Build configuration list for PBXNativeTarget "ViperSwiftTests" */ = {
			isa = XCConfigurationList;
			buildConfigurations = (
				BE88CFB3275207BE0031A888 /* Debug */,
				BE88CFB4275207BE0031A888 /* Release */,
			);
			defaultConfigurationIsVisible = 0;
			defaultConfigurationName = Release;
		};
/* End XCConfigurationList section */

/* Begin XCRemoteSwiftPackageReference section */
		BE88CFC02752085B0031A888 /* XCRemoteSwiftPackageReference "ObjectMapper" */ = {
			isa = XCRemoteSwiftPackageReference;
			repositoryURL = "https://github.com/tristanhimmelman/ObjectMapper";
			requirement = {
				kind = upToNextMajorVersion;
				minimumVersion = 4.2.0;
			};
		};
		BE88CFCE27520A080031A888 /* XCRemoteSwiftPackageReference "RxSwift" */ = {
			isa = XCRemoteSwiftPackageReference;
			repositoryURL = "https://github.com/ReactiveX/RxSwift";
			requirement = {
				kind = upToNextMajorVersion;
				minimumVersion = 6.2.0;
			};
		};
		BE88CFFA27538CB60031A888 /* XCRemoteSwiftPackageReference "SnapKit" */ = {
			isa = XCRemoteSwiftPackageReference;
			repositoryURL = "https://github.com/SnapKit/SnapKit";
			requirement = {
				kind = upToNextMajorVersion;
				minimumVersion = 5.0.1;
			};
		};
/* End XCRemoteSwiftPackageReference section */

/* Begin XCSwiftPackageProductDependency section */
		BE88CFC12752085B0031A888 /* ObjectMapper */ = {
			isa = XCSwiftPackageProductDependency;
			package = BE88CFC02752085B0031A888 /* XCRemoteSwiftPackageReference "ObjectMapper" */;
			productName = ObjectMapper;
		};
		BE88CFCF27520A080031A888 /* RxCocoa */ = {
			isa = XCSwiftPackageProductDependency;
			package = BE88CFCE27520A080031A888 /* XCRemoteSwiftPackageReference "RxSwift" */;
			productName = RxCocoa;
		};
		BE88CFD127520A080031A888 /* RxSwift */ = {
			isa = XCSwiftPackageProductDependency;
			package = BE88CFCE27520A080031A888 /* XCRemoteSwiftPackageReference "RxSwift" */;
			productName = RxSwift;
		};
		BE88CFFB27538CB60031A888 /* SnapKit */ = {
			isa = XCSwiftPackageProductDependency;
			package = BE88CFFA27538CB60031A888 /* XCRemoteSwiftPackageReference "SnapKit" */;
			productName = SnapKit;
		};
/* End XCSwiftPackageProductDependency section */
	};
	rootObject = BE88CF7D275207BD0031A888 /* Project object */;
}
